
Microsoft Visual Studio Solution File, Format Version 12.00
# Visual Studio 15
VisualStudioVersion = 15.0.28010.2026
MinimumVisualStudioVersion = 10.0.40219.1
Project("{FAE04EC0-301F-11D3-BF4B-00C04F79EFBC}") = "WebApplication", "WebApplication\WebApplication.csproj", "{824F803F-0DBA-43FB-98D6-32A92C082B86}"
EndProject
Project("{FAE04EC0-301F-11D3-BF4B-00C04F79EFBC}") = "ClassLibrary", "ClassLibrary\ClassLibrary.csproj", "{7DFDF864-0C25-493D-A71A-1C72CD2ED931}"
EndProject
Global
	GlobalSection(SolutionConfigurationPlatforms) = preSolution
		Debug|Any CPU = Debug|Any CPU
		Release|Any CPU = Release|Any CPU
	EndGlobalSection
	GlobalSection(ProjectConfigurationPlatforms) = postSolution
		{824F803F-0DBA-43FB-98D6-32A92C082B86}.Debug|Any CPU.ActiveCfg = Debug|Any CPU
		{824F803F-0DBA-43FB-98D6-32A92C082B86}.Debug|Any CPU.Build.0 = Debug|Any CPU
		{824F803F-0DBA-43FB-98D6-32A92C082B86}.Release|Any CPU.ActiveCfg = Release|Any CPU
		{824F803F-0DBA-43FB-98D6-32A92C082B86}.Release|Any CPU.Build.0 = Release|Any CPU
		{7DFDF864-0C25-493D-A71A-1C72CD2ED931}.Debug|Any CPU.ActiveCfg = Debug|Any CPU
		{7DFDF864-0C25-493D-A71A-1C72CD2ED931}.Debug|Any CPU.Build.0 = Debug|Any CPU
		{7DFDF864-0C25-493D-A71A-1C72CD2ED931}.Release|Any CPU.ActiveCfg = Release|Any CPU
		{7DFDF864-0C25-493D-A71A-1C72CD2ED931}.Release|Any CPU.Build.0 = Release|Any CPU
	EndGlobalSection
	GlobalSection(SolutionProperties) = preSolution
		HideSolutionNode = FALSE
	EndGlobalSection
	GlobalSection(ExtensibilityGlobals) = postSolution
		SolutionGuid = {08054F37-6767-4376-A1EE-D4F2F7BC9704}
	EndGlobalSection
EndGlobal
